
Microsoft Visual Studio Solution File, Format Version 12.00
# Visual Studio Version 17
VisualStudioVersion = 17.5.002.0
MinimumVisualStudioVersion = 10.0.40219.1
<<<<<<< HEAD
Project("{9A19103F-16F7-4668-BE54-9A1E7A4F7556}") = "SoapApi", "SoapApi.csproj", "{CDA74A36-0903-4305-924F-09986B98535D}"
=======
<<<<<<< HEAD
Project("{9A19103F-16F7-4668-BE54-9A1E7A4F7556}") = "SoapApi", "SoapApi.csproj", "{CDA74A36-0903-4305-924F-09986B98535D}"
=======
<<<<<<< HEAD
Project("{9A19103F-16F7-4668-BE54-9A1E7A4F7556}") = "SoapApi", "SoapApi.csproj", "{CB9A6171-7C55-4E36-B93D-D359B529FA21}"
=======
Project("{9A19103F-16F7-4668-BE54-9A1E7A4F7556}") = "SoapApi", "SoapApi.csproj", "{11854448-DB18-489F-8E26-3BBD099E827C}"
>>>>>>> f687bda72c2c50207500665b583f0bc2963e378f
>>>>>>> main
>>>>>>> 64852ac540bb66c270558a06e08e6f7cd8e9920e
EndProject
Global
	GlobalSection(SolutionConfigurationPlatforms) = preSolution
		Debug|Any CPU = Debug|Any CPU
		Release|Any CPU = Release|Any CPU
	EndGlobalSection
	GlobalSection(ProjectConfigurationPlatforms) = postSolution
<<<<<<< HEAD
=======
<<<<<<< HEAD
>>>>>>> 64852ac540bb66c270558a06e08e6f7cd8e9920e
		{CDA74A36-0903-4305-924F-09986B98535D}.Debug|Any CPU.ActiveCfg = Debug|Any CPU
		{CDA74A36-0903-4305-924F-09986B98535D}.Debug|Any CPU.Build.0 = Debug|Any CPU
		{CDA74A36-0903-4305-924F-09986B98535D}.Release|Any CPU.ActiveCfg = Release|Any CPU
		{CDA74A36-0903-4305-924F-09986B98535D}.Release|Any CPU.Build.0 = Release|Any CPU
<<<<<<< HEAD
=======
=======
<<<<<<< HEAD
		{CB9A6171-7C55-4E36-B93D-D359B529FA21}.Debug|Any CPU.ActiveCfg = Debug|Any CPU
		{CB9A6171-7C55-4E36-B93D-D359B529FA21}.Debug|Any CPU.Build.0 = Debug|Any CPU
		{CB9A6171-7C55-4E36-B93D-D359B529FA21}.Release|Any CPU.ActiveCfg = Release|Any CPU
		{CB9A6171-7C55-4E36-B93D-D359B529FA21}.Release|Any CPU.Build.0 = Release|Any CPU
=======
		{11854448-DB18-489F-8E26-3BBD099E827C}.Debug|Any CPU.ActiveCfg = Debug|Any CPU
		{11854448-DB18-489F-8E26-3BBD099E827C}.Debug|Any CPU.Build.0 = Debug|Any CPU
		{11854448-DB18-489F-8E26-3BBD099E827C}.Release|Any CPU.ActiveCfg = Release|Any CPU
		{11854448-DB18-489F-8E26-3BBD099E827C}.Release|Any CPU.Build.0 = Release|Any CPU
>>>>>>> f687bda72c2c50207500665b583f0bc2963e378f
>>>>>>> main
>>>>>>> 64852ac540bb66c270558a06e08e6f7cd8e9920e
	EndGlobalSection
	GlobalSection(SolutionProperties) = preSolution
		HideSolutionNode = FALSE
	EndGlobalSection
	GlobalSection(ExtensibilityGlobals) = postSolution
		SolutionGuid = {EB1F484D-0341-466A-A64B-8F445923E285}
	EndGlobalSection
EndGlobal
